
Microsoft Visual Studio Solution File, Format Version 12.00
# Visual Studio Version 17
VisualStudioVersion = 17.4.33122.133
MinimumVisualStudioVersion = 10.0.40219.1
Project("{FAE04EC0-301F-11D3-BF4B-00C04F79EFBC}") = "EntityLayer", "EntityLayer\EntityLayer.csproj", "{FCF8D18E-C6F2-469D-B24C-2E8D63DDB95C}"
EndProject
Project("{FAE04EC0-301F-11D3-BF4B-00C04F79EFBC}") = "DataAccessLayer", "DataAccessLayer\DataAccessLayer.csproj", "{D539093D-9B82-428F-A338-FCF9B76C3FE7}"
EndProject
Project("{FAE04EC0-301F-11D3-BF4B-00C04F79EFBC}") = "BussinuessLayer", "BussinuessLayer\BussinuessLayer.csproj", "{E567BF79-68FE-47F9-8361-B143F508B6F4}"
EndProject
Project("{FAE04EC0-301F-11D3-BF4B-00C04F79EFBC}") = "E-Shop", "E-Shop\E-Shop.csproj", "{56CE29B0-5EE5-4DFC-9B7A-B60A0093882C}"
EndProject
Global
	GlobalSection(SolutionConfigurationPlatforms) = preSolution
		Debug|Any CPU = Debug|Any CPU
		Release|Any CPU = Release|Any CPU
	EndGlobalSection
	GlobalSection(ProjectConfigurationPlatforms) = postSolution
		{FCF8D18E-C6F2-469D-B24C-2E8D63DDB95C}.Debug|Any CPU.ActiveCfg = Debug|Any CPU
		{FCF8D18E-C6F2-469D-B24C-2E8D63DDB95C}.Debug|Any CPU.Build.0 = Debug|Any CPU
		{FCF8D18E-C6F2-469D-B24C-2E8D63DDB95C}.Release|Any CPU.ActiveCfg = Release|Any CPU
		{FCF8D18E-C6F2-469D-B24C-2E8D63DDB95C}.Release|Any CPU.Build.0 = Release|Any CPU
		{D539093D-9B82-428F-A338-FCF9B76C3FE7}.Debug|Any CPU.ActiveCfg = Debug|Any CPU
		{D539093D-9B82-428F-A338-FCF9B76C3FE7}.Debug|Any CPU.Build.0 = Debug|Any CPU
		{D539093D-9B82-428F-A338-FCF9B76C3FE7}.Release|Any CPU.ActiveCfg = Release|Any CPU
		{D539093D-9B82-428F-A338-FCF9B76C3FE7}.Release|Any CPU.Build.0 = Release|Any CPU
		{E567BF79-68FE-47F9-8361-B143F508B6F4}.Debug|Any CPU.ActiveCfg = Debug|Any CPU
		{E567BF79-68FE-47F9-8361-B143F508B6F4}.Debug|Any CPU.Build.0 = Debug|Any CPU
		{E567BF79-68FE-47F9-8361-B143F508B6F4}.Release|Any CPU.ActiveCfg = Release|Any CPU
		{E567BF79-68FE-47F9-8361-B143F508B6F4}.Release|Any CPU.Build.0 = Release|Any CPU
		{56CE29B0-5EE5-4DFC-9B7A-B60A0093882C}.Debug|Any CPU.ActiveCfg = Debug|Any CPU
		{56CE29B0-5EE5-4DFC-9B7A-B60A0093882C}.Debug|Any CPU.Build.0 = Debug|Any CPU
		{56CE29B0-5EE5-4DFC-9B7A-B60A0093882C}.Release|Any CPU.ActiveCfg = Release|Any CPU
		{56CE29B0-5EE5-4DFC-9B7A-B60A0093882C}.Release|Any CPU.Build.0 = Release|Any CPU
	EndGlobalSection
	GlobalSection(SolutionProperties) = preSolution
		HideSolutionNode = FALSE
	EndGlobalSection
	GlobalSection(ExtensibilityGlobals) = postSolution
		SolutionGuid = {131A73C3-E691-4D14-BC68-98D4A203263A}
	EndGlobalSection
EndGlobal
